
Microsoft Visual Studio Solution File, Format Version 12.00
# Visual Studio Version 16
VisualStudioVersion = 16.0.30204.135
MinimumVisualStudioVersion = 10.0.40219.1
Project("{FAE04EC0-301F-11D3-BF4B-00C04F79EFBC}") = "Iedentity.Samples", "Iedentity.Samples.csproj", "{4B87164B-73CC-425F-B76C-40EEEAA0CF59}"
EndProject
Project("{FAE04EC0-301F-11D3-BF4B-00C04F79EFBC}") = "IdentitySamples2", "..\IdentitySamples2\IdentitySamples2.csproj", "{F505867E-5622-4439-B618-6F75FAA1E9DD}"
EndProject
Global
	GlobalSection(SolutionConfigurationPlatforms) = preSolution
		Debug|Any CPU = Debug|Any CPU
		Release|Any CPU = Release|Any CPU
	EndGlobalSection
	GlobalSection(ProjectConfigurationPlatforms) = postSolution
		{4B87164B-73CC-425F-B76C-40EEEAA0CF59}.Debug|Any CPU.ActiveCfg = Debug|Any CPU
		{4B87164B-73CC-425F-B76C-40EEEAA0CF59}.Debug|Any CPU.Build.0 = Debug|Any CPU
		{4B87164B-73CC-425F-B76C-40EEEAA0CF59}.Release|Any CPU.ActiveCfg = Release|Any CPU
		{4B87164B-73CC-425F-B76C-40EEEAA0CF59}.Release|Any CPU.Build.0 = Release|Any CPU
		{F505867E-5622-4439-B618-6F75FAA1E9DD}.Debug|Any CPU.ActiveCfg = Debug|Any CPU
		{F505867E-5622-4439-B618-6F75FAA1E9DD}.Debug|Any CPU.Build.0 = Debug|Any CPU
		{F505867E-5622-4439-B618-6F75FAA1E9DD}.Release|Any CPU.ActiveCfg = Release|Any CPU
		{F505867E-5622-4439-B618-6F75FAA1E9DD}.Release|Any CPU.Build.0 = Release|Any CPU
	EndGlobalSection
	GlobalSection(SolutionProperties) = preSolution
		HideSolutionNode = FALSE
	EndGlobalSection
	GlobalSection(ExtensibilityGlobals) = postSolution
		SolutionGuid = {B166872C-638E-4C4E-83D9-F806C1E0C009}
	EndGlobalSection
EndGlobal
